
Microsoft Visual Studio Solution File, Format Version 12.00
Project("{FAE04EC0-301F-11D3-BF4B-00C04F79EFBC}") = "JsonEditor", "JsonEditor\JsonEditor.csproj", "{3BAC743F-A02D-4C58-834E-5B8BA2A6AD2C}"
EndProject
Global
	GlobalSection(SolutionConfigurationPlatforms) = preSolution
		Debug|Any CPU = Debug|Any CPU
		Release|Any CPU = Release|Any CPU
	EndGlobalSection
	GlobalSection(ProjectConfigurationPlatforms) = postSolution
		{3BAC743F-A02D-4C58-834E-5B8BA2A6AD2C}.Debug|Any CPU.ActiveCfg = Debug|Any CPU
		{3BAC743F-A02D-4C58-834E-5B8BA2A6AD2C}.Debug|Any CPU.Build.0 = Debug|Any CPU
		{3BAC743F-A02D-4C58-834E-5B8BA2A6AD2C}.Release|Any CPU.ActiveCfg = Release|Any CPU
		{3BAC743F-A02D-4C58-834E-5B8BA2A6AD2C}.Release|Any CPU.Build.0 = Release|Any CPU
	EndGlobalSection
EndGlobal
